
Microsoft Visual Studio Solution File, Format Version 12.00
# Visual Studio Version 16
VisualStudioVersion = 16.0.31205.134
MinimumVisualStudioVersion = 10.0.40219.1
Project("{FAE04EC0-301F-11D3-BF4B-00C04F79EFBC}") = "VideoTube", "VideoTube\VideoTube.csproj", "{6BBEC785-4AC9-48AD-B475-E873B29399D0}"
EndProject
Global
	GlobalSection(SolutionConfigurationPlatforms) = preSolution
		Debug|Any CPU = Debug|Any CPU
		Release|Any CPU = Release|Any CPU
	EndGlobalSection
	GlobalSection(ProjectConfigurationPlatforms) = postSolution
		{6BBEC785-4AC9-48AD-B475-E873B29399D0}.Debug|Any CPU.ActiveCfg = Debug|Any CPU
		{6BBEC785-4AC9-48AD-B475-E873B29399D0}.Debug|Any CPU.Build.0 = Debug|Any CPU
		{6BBEC785-4AC9-48AD-B475-E873B29399D0}.Release|Any CPU.ActiveCfg = Release|Any CPU
		{6BBEC785-4AC9-48AD-B475-E873B29399D0}.Release|Any CPU.Build.0 = Release|Any CPU
	EndGlobalSection
	GlobalSection(SolutionProperties) = preSolution
		HideSolutionNode = FALSE
	EndGlobalSection
	GlobalSection(ExtensibilityGlobals) = postSolution
		SolutionGuid = {B56F8435-5CC7-44BB-8091-FC7262DEF2B1}
	EndGlobalSection
EndGlobal
